// !$*UTF8*$!
{
	archiveVersion = 1;
	classes = {
	};
	objectVersion = 56;
	objects = {

/* Begin PBXBuildFile section */
		FBA3F4B92A093A15008EA535 /* AppDelegate.swift in Sources */ = {isa = PBXBuildFile; fileRef = FBA3F4B82A093A15008EA535 /* AppDelegate.swift */; };
		FBA3F4BB2A093A15008EA535 /* SceneDelegate.swift in Sources */ = {isa = PBXBuildFile; fileRef = FBA3F4BA2A093A15008EA535 /* SceneDelegate.swift */; };
		FBA3F4C02A093A15008EA535 /* Main.storyboard in Resources */ = {isa = PBXBuildFile; fileRef = FBA3F4BE2A093A15008EA535 /* Main.storyboard */; };
		FBA3F4C22A093A17008EA535 /* Assets.xcassets in Resources */ = {isa = PBXBuildFile; fileRef = FBA3F4C12A093A17008EA535 /* Assets.xcassets */; };
		FBA3F4C52A093A17008EA535 /* LaunchScreen.storyboard in Resources */ = {isa = PBXBuildFile; fileRef = FBA3F4C32A093A17008EA535 /* LaunchScreen.storyboard */; };
		FBA3F4CE2A09EF2A008EA535 /* MapKit.framework in Frameworks */ = {isa = PBXBuildFile; fileRef = FBA3F4CD2A09EF2A008EA535 /* MapKit.framework */; };
		FBA3F4D02A09F1DC008EA535 /* FirstViewController.swift in Sources */ = {isa = PBXBuildFile; fileRef = FBA3F4CF2A09F1DC008EA535 /* FirstViewController.swift */; };
		FBA3F4D22A0A1229008EA535 /* DataModel.swift in Sources */ = {isa = PBXBuildFile; fileRef = FBA3F4D12A0A1229008EA535 /* DataModel.swift */; };
		FBA3F4D42A0A1424008EA535 /* StorageManager.swift in Sources */ = {isa = PBXBuildFile; fileRef = FBA3F4D32A0A1424008EA535 /* StorageManager.swift */; };
/* End PBXBuildFile section */

/* Begin PBXFileReference section */
		FBA3F4B52A093A15008EA535 /* Back to the Future.app */ = {isa = PBXFileReference; explicitFileType = wrapper.application; includeInIndex = 0; path = "Back to the Future.app"; sourceTree = BUILT_PRODUCTS_DIR; };
		FBA3F4B82A093A15008EA535 /* AppDelegate.swift */ = {isa = PBXFileReference; lastKnownFileType = sourcecode.swift; path = AppDelegate.swift; sourceTree = "<group>"; };
		FBA3F4BA2A093A15008EA535 /* SceneDelegate.swift */ = {isa = PBXFileReference; lastKnownFileType = sourcecode.swift; path = SceneDelegate.swift; sourceTree = "<group>"; };
		FBA3F4BF2A093A15008EA535 /* Base */ = {isa = PBXFileReference; lastKnownFileType = file.storyboard; name = Base; path = Base.lproj/Main.storyboard; sourceTree = "<group>"; };
		FBA3F4C12A093A17008EA535 /* Assets.xcassets */ = {isa = PBXFileReference; lastKnownFileType = folder.assetcatalog; path = Assets.xcassets; sourceTree = "<group>"; };
		FBA3F4C42A093A17008EA535 /* Base */ = {isa = PBXFileReference; lastKnownFileType = file.storyboard; name = Base; path = Base.lproj/LaunchScreen.storyboard; sourceTree = "<group>"; };
		FBA3F4C62A093A17008EA535 /* Info.plist */ = {isa = PBXFileReference; lastKnownFileType = text.plist.xml; path = Info.plist; sourceTree = "<group>"; };
		FBA3F4CD2A09EF2A008EA535 /* MapKit.framework */ = {isa = PBXFileReference; lastKnownFileType = wrapper.framework; name = MapKit.framework; path = System/Library/Frameworks/MapKit.framework; sourceTree = SDKROOT; };
		FBA3F4CF2A09F1DC008EA535 /* FirstViewController.swift */ = {isa = PBXFileReference; lastKnownFileType = sourcecode.swift; path = FirstViewController.swift; sourceTree = "<group>"; };
		FBA3F4D12A0A1229008EA535 /* DataModel.swift */ = {isa = PBXFileReference; lastKnownFileType = sourcecode.swift; path = DataModel.swift; sourceTree = "<group>"; };
		FBA3F4D32A0A1424008EA535 /* StorageManager.swift */ = {isa = PBXFileReference; lastKnownFileType = sourcecode.swift; path = StorageManager.swift; sourceTree = "<group>"; };
/* End PBXFileReference section */

/* Begin PBXFrameworksBuildPhase section */
		FBA3F4B22A093A15008EA535 /* Frameworks */ = {
			isa = PBXFrameworksBuildPhase;
			buildActionMask = 2147483647;
			files = (
				FBA3F4CE2A09EF2A008EA535 /* MapKit.framework in Frameworks */,
			);
			runOnlyForDeploymentPostprocessing = 0;
		};
/* End PBXFrameworksBuildPhase section */

/* Begin PBXGroup section */
		FBA3F4AC2A093A15008EA535 = {
			isa = PBXGroup;
			children = (
				FBA3F4B72A093A15008EA535 /* Back to the Future */,
				FBA3F4B62A093A15008EA535 /* Products */,
				FBA3F4CC2A09EF2A008EA535 /* Frameworks */,
			);
			sourceTree = "<group>";
		};
		FBA3F4B62A093A15008EA535 /* Products */ = {
			isa = PBXGroup;
			children = (
				FBA3F4B52A093A15008EA535 /* Back to the Future.app */,
			);
			name = Products;
			sourceTree = "<group>";
		};
		FBA3F4B72A093A15008EA535 /* Back to the Future */ = {
			isa = PBXGroup;
			children = (
				FBA3F4B82A093A15008EA535 /* AppDelegate.swift */,
				FBA3F4BA2A093A15008EA535 /* SceneDelegate.swift */,
				FBA3F4BE2A093A15008EA535 /* Main.storyboard */,
				FBA3F4D32A0A1424008EA535 /* StorageManager.swift */,
				FBA3F4D12A0A1229008EA535 /* DataModel.swift */,
				FBA3F4CF2A09F1DC008EA535 /* FirstViewController.swift */,
				FBA3F4C12A093A17008EA535 /* Assets.xcassets */,
				FBA3F4C32A093A17008EA535 /* LaunchScreen.storyboard */,
				FBA3F4C62A093A17008EA535 /* Info.plist */,
			);
			path = "Back to the Future";
			sourceTree = "<group>";
		};
		FBA3F4CC2A09EF2A008EA535 /* Frameworks */ = {
			isa = PBXGroup;
			children = (
				FBA3F4CD2A09EF2A008EA535 /* MapKit.framework */,
			);
			name = Frameworks;
			sourceTree = "<group>";
		};
/* End PBXGroup section */

/* Begin PBXNativeTarget section */
		FBA3F4B42A093A15008EA535 /* Back to the Future */ = {
			isa = PBXNativeTarget;
			buildConfigurationList = FBA3F4C92A093A17008EA535 /* Build configuration list for PBXNativeTarget "Back to the Future" */;
			buildPhases = (
				FBA3F4B12A093A15008EA535 /* Sources */,
				FBA3F4B22A093A15008EA535 /* Frameworks */,
				FBA3F4B32A093A15008EA535 /* Resources */,
			);
			buildRules = (
			);
			dependencies = (
			);
			name = "Back to the Future";
			productName = "Back to the Future";
			productReference = FBA3F4B52A093A15008EA535 /* Back to the Future.app */;
			productType = "com.apple.product-type.application";
		};
/* End PBXNativeTarget section */

/* Begin PBXProject section */
		FBA3F4AD2A093A15008EA535 /* Project object */ = {
			isa = PBXProject;
			attributes = {
				BuildIndependentTargetsInParallel = 1;
				LastSwiftUpdateCheck = 1430;
				LastUpgradeCheck = 1430;
				TargetAttributes = {
					FBA3F4B42A093A15008EA535 = {
						CreatedOnToolsVersion = 14.3;
					};
				};
			};
			buildConfigurationList = FBA3F4B02A093A15008EA535 /* Build configuration list for PBXProject "Back to the Future" */;
			compatibilityVersion = "Xcode 14.0";
			developmentRegion = en;
			hasScannedForEncodings = 0;
			knownRegions = (
				en,
				Base,
			);
			mainGroup = FBA3F4AC2A093A15008EA535;
			productRefGroup = FBA3F4B62A093A15008EA535 /* Products */;
			projectDirPath = "";
			projectRoot = "";
			targets = (
				FBA3F4B42A093A15008EA535 /* Back to the Future */,
			);
		};
/* End PBXProject section */

/* Begin PBXResourcesBuildPhase section */
		FBA3F4B32A093A15008EA535 /* Resources */ = {
			isa = PBXResourcesBuildPhase;
			buildActionMask = 2147483647;
			files = (
				FBA3F4C52A093A17008EA535 /* LaunchScreen.storyboard in Resources */,
				FBA3F4C22A093A17008EA535 /* Assets.xcassets in Resources */,
				FBA3F4C02A093A15008EA535 /* Main.storyboard in Resources */,
			);
			runOnlyForDeploymentPostprocessing = 0;
		};
/* End PBXResourcesBuildPhase section */

/* Begin PBXSourcesBuildPhase section */
		FBA3F4B12A093A15008EA535 /* Sources */ = {
			isa = PBXSourcesBuildPhase;
			buildActionMask = 2147483647;
			files = (
				FBA3F4D02A09F1DC008EA535 /* FirstViewController.swift in Sources */,
				FBA3F4D22A0A1229008EA535 /* DataModel.swift in Sources */,
				FBA3F4D42A0A1424008EA535 /* StorageManager.swift in Sources */,
				FBA3F4B92A093A15008EA535 /* AppDelegate.swift in Sources */,
				FBA3F4BB2A093A15008EA535 /* SceneDelegate.swift in Sources */,
			);
			runOnlyForDeploymentPostprocessing = 0;
		};
/* End PBXSourcesBuildPhase section */

/* Begin PBXVariantGroup section */
		FBA3F4BE2A093A15008EA535 /* Main.storyboard */ = {
			isa = PBXVariantGroup;
			children = (
				FBA3F4BF2A093A15008EA535 /* Base */,
			);
			name = Main.storyboard;
			sourceTree = "<group>";
		};
		FBA3F4C32A093A17008EA535 /* LaunchScreen.storyboard */ = {
			isa = PBXVariantGroup;
			children = (
				FBA3F4C42A093A17008EA535 /* Base */,
			);
			name = LaunchScreen.storyboard;
			sourceTree = "<group>";
		};
/* End PBXVariantGroup section */

/* Begin XCBuildConfiguration section */
		FBA3F4C72A093A17008EA535 /* Debug */ = {
			isa = XCBuildConfiguration;
			buildSettings = {
				ALWAYS_SEARCH_USER_PATHS = NO;
				CLANG_ANALYZER_NONNULL = YES;
				CLANG_ANALYZER_NUMBER_OBJECT_CONVERSION = YES_AGGRESSIVE;
				CLANG_CXX_LANGUAGE_STANDARD = "gnu++20";
				CLANG_ENABLE_MODULES = YES;
				CLANG_ENABLE_OBJC_ARC = YES;
				CLANG_ENABLE_OBJC_WEAK = YES;
				CLANG_WARN_BLOCK_CAPTURE_AUTORELEASING = YES;
				CLANG_WARN_BOOL_CONVERSION = YES;
				CLANG_WARN_COMMA = YES;
				CLANG_WARN_CONSTANT_CONVERSION = YES;
				CLANG_WARN_DEPRECATED_OBJC_IMPLEMENTATIONS = YES;
				CLANG_WARN_DIRECT_OBJC_ISA_USAGE = YES_ERROR;
				CLANG_WARN_DOCUMENTATION_COMMENTS = YES;
				CLANG_WARN_EMPTY_BODY = YES;
				CLANG_WARN_ENUM_CONVERSION = YES;
				CLANG_WARN_INFINITE_RECURSION = YES;
				CLANG_WARN_INT_CONVERSION = YES;
				CLANG_WARN_NON_LITERAL_NULL_CONVERSION = YES;
				CLANG_WARN_OBJC_IMPLICIT_RETAIN_SELF = YES;
				CLANG_WARN_OBJC_LITERAL_CONVERSION = YES;
				CLANG_WARN_OBJC_ROOT_CLASS = YES_ERROR;
				CLANG_WARN_QUOTED_INCLUDE_IN_FRAMEWORK_HEADER = YES;
				CLANG_WARN_RANGE_LOOP_ANALYSIS = YES;
				CLANG_WARN_STRICT_PROTOTYPES = YES;
				CLANG_WARN_SUSPICIOUS_MOVE = YES;
				CLANG_WARN_UNGUARDED_AVAILABILITY = YES_AGGRESSIVE;
				CLANG_WARN_UNREACHABLE_CODE = YES;
				CLANG_WARN__DUPLICATE_METHOD_MATCH = YES;
				COPY_PHASE_STRIP = NO;
				DEBUG_INFORMATION_FORMAT = dwarf;
				ENABLE_STRICT_OBJC_MSGSEND = YES;
				ENABLE_TESTABILITY = YES;
				GCC_C_LANGUAGE_STANDARD = gnu11;
				GCC_DYNAMIC_NO_PIC = NO;
				GCC_NO_COMMON_BLOCKS = YES;
				GCC_OPTIMIZATION_LEVEL = 0;
				GCC_PREPROCESSOR_DEFINITIONS = (
					"DEBUG=1",
					"$(inherited)",
				);
				GCC_WARN_64_TO_32_BIT_CONVERSION = YES;
				GCC_WARN_ABOUT_RETURN_TYPE = YES_ERROR;
				GCC_WARN_UNDECLARED_SELECTOR = YES;
				GCC_WARN_UNINITIALIZED_AUTOS = YES_AGGRESSIVE;
				GCC_WARN_UNUSED_FUNCTION = YES;
				GCC_WARN_UNUSED_VARIABLE = YES;
				IPHONEOS_DEPLOYMENT_TARGET = 15.3;
				MTL_ENABLE_DEBUG_INFO = INCLUDE_SOURCE;
				MTL_FAST_MATH = YES;
				ONLY_ACTIVE_ARCH = YES;
				SDKROOT = iphoneos;
				SWIFT_ACTIVE_COMPILATION_CONDITIONS = DEBUG;
				SWIFT_OPTIMIZATION_LEVEL = "-Onone";
			};
			name = Debug;
		};
		FBA3F4C82A093A17008EA535 /* Release */ = {
			isa = XCBuildConfiguration;
			buildSettings = {
				ALWAYS_SEARCH_USER_PATHS = NO;
				CLANG_ANALYZER_NONNULL = YES;
				CLANG_ANALYZER_NUMBER_OBJECT_CONVERSION = YES_AGGRESSIVE;
				CLANG_CXX_LANGUAGE_STANDARD = "gnu++20";
				CLANG_ENABLE_MODULES = YES;
				CLANG_ENABLE_OBJC_ARC = YES;
				CLANG_ENABLE_OBJC_WEAK = YES;
				CLANG_WARN_BLOCK_CAPTURE_AUTORELEASING = YES;
				CLANG_WARN_BOOL_CONVERSION = YES;
				CLANG_WARN_COMMA = YES;
				CLANG_WARN_CONSTANT_CONVERSION = YES;
				CLANG_WARN_DEPRECATED_OBJC_IMPLEMENTATIONS = YES;
				CLANG_WARN_DIRECT_OBJC_ISA_USAGE = YES_ERROR;
				CLANG_WARN_DOCUMENTATION_COMMENTS = YES;
				CLANG_WARN_EMPTY_BODY = YES;
				CLANG_WARN_ENUM_CONVERSION = YES;
				CLANG_WARN_INFINITE_RECURSION = YES;
				CLANG_WARN_INT_CONVERSION = YES;
				CLANG_WARN_NON_LITERAL_NULL_CONVERSION = YES;
				CLANG_WARN_OBJC_IMPLICIT_RETAIN_SELF = YES;
				CLANG_WARN_OBJC_LITERAL_CONVERSION = YES;
				CLANG_WARN_OBJC_ROOT_CLASS = YES_ERROR;
				CLANG_WARN_QUOTED_INCLUDE_IN_FRAMEWORK_HEADER = YES;
				CLANG_WARN_RANGE_LOOP_ANALYSIS = YES;
				CLANG_WARN_STRICT_PROTOTYPES = YES;
				CLANG_WARN_SUSPICIOUS_MOVE = YES;
				CLANG_WARN_UNGUARDED_AVAILABILITY = YES_AGGRESSIVE;
				CLANG_WARN_UNREACHABLE_CODE = YES;
				CLANG_WARN__DUPLICATE_METHOD_MATCH = YES;
				COPY_PHASE_STRIP = NO;
				DEBUG_INFORMATION_FORMAT = "dwarf-with-dsym";
				ENABLE_NS_ASSERTIONS = NO;
				ENABLE_STRICT_OBJC_MSGSEND = YES;
				GCC_C_LANGUAGE_STANDARD = gnu11;
				GCC_NO_COMMON_BLOCKS = YES;
				GCC_WARN_64_TO_32_BIT_CONVERSION = YES;
				GCC_WARN_ABOUT_RETURN_TYPE = YES_ERROR;
				GCC_WARN_UNDECLARED_SELECTOR = YES;
				GCC_WARN_UNINITIALIZED_AUTOS = YES_AGGRESSIVE;
				GCC_WARN_UNUSED_FUNCTION = YES;
				GCC_WARN_UNUSED_VARIABLE = YES;
				IPHONEOS_DEPLOYMENT_TARGET = 15.3;
				MTL_ENABLE_DEBUG_INFO = NO;
				MTL_FAST_MATH = YES;
				SDKROOT = iphoneos;
				SWIFT_COMPILATION_MODE = wholemodule;
				SWIFT_OPTIMIZATION_LEVEL = "-O";
				VALIDATE_PRODUCT = YES;
			};
			name = Release;
		};
		FBA3F4CA2A093A17008EA535 /* Debug */ = {
			isa = XCBuildConfiguration;
			buildSettings = {
				ASSETCATALOG_COMPILER_APPICON_NAME = AppIcon;
				ASSETCATALOG_COMPILER_GLOBAL_ACCENT_COLOR_NAME = AccentColor;
				CODE_SIGN_STYLE = Automatic;
				CURRENT_PROJECT_VERSION = 1;
				DEVELOPMENT_TEAM = 3KHP7B6527;
				GENERATE_INFOPLIST_FILE = YES;
				INFOPLIST_FILE = "Back to the Future/Info.plist";
				INFOPLIST_KEY_UIApplicationSupportsIndirectInputEvents = YES;
				INFOPLIST_KEY_UILaunchStoryboardName = LaunchScreen;
				INFOPLIST_KEY_UIMainStoryboardFile = Main;
				INFOPLIST_KEY_UISupportedInterfaceOrientations_iPad = "UIInterfaceOrientationPortrait UIInterfaceOrientationPortraitUpsideDown UIInterfaceOrientationLandscapeLeft UIInterfaceOrientationLandscapeRight";
				INFOPLIST_KEY_UISupportedInterfaceOrientations_iPhone = "UIInterfaceOrientationPortrait UIInterfaceOrientationLandscapeLeft UIInterfaceOrientationLandscapeRight";
				IPHONEOS_DEPLOYMENT_TARGET = 15.3;
				LD_RUNPATH_SEARCH_PATHS = (
					"$(inherited)",
					"@executable_path/Frameworks",
				);
				MARKETING_VERSION = 1.0;
				PRODUCT_BUNDLE_IDENTIFIER = "com.test.Back-to-the-Future";
				PRODUCT_NAME = "$(TARGET_NAME)";
				SWIFT_EMIT_LOC_STRINGS = YES;
				SWIFT_VERSION = 5.0;
				TARGETED_DEVICE_FAMILY = "1,2";
			};
			name = Debug;
		};
		FBA3F4CB2A093A17008EA535 /* Release */ = {
			isa = XCBuildConfiguration;
			buildSettings = {
				ASSETCATALOG_COMPILER_APPICON_NAME = AppIcon;
				ASSETCATALOG_COMPILER_GLOBAL_ACCENT_COLOR_NAME = AccentColor;
				CODE_SIGN_STYLE = Automatic;
				CURRENT_PROJECT_VERSION = 1;
				DEVELOPMENT_TEAM = 3KHP7B6527;
				GENERATE_INFOPLIST_FILE = YES;
				INFOPLIST_FILE = "Back to the Future/Info.plist";
				INFOPLIST_KEY_UIApplicationSupportsIndirectInputEvents = YES;
				INFOPLIST_KEY_UILaunchStoryboardName = LaunchScreen;
				INFOPLIST_KEY_UIMainStoryboardFile = Main;
				INFOPLIST_KEY_UISupportedInterfaceOrientations_iPad = "UIInterfaceOrientationPortrait UIInterfaceOrientationPortraitUpsideDown UIInterfaceOrientationLandscapeLeft UIInterfaceOrientationLandscapeRight";
				INFOPLIST_KEY_UISupportedInterfaceOrientations_iPhone = "UIInterfaceOrientationPortrait UIInterfaceOrientationLandscapeLeft UIInterfaceOrientationLandscapeRight";
				IPHONEOS_DEPLOYMENT_TARGET = 15.3;
				LD_RUNPATH_SEARCH_PATHS = (
					"$(inherited)",
					"@executable_path/Frameworks",
				);
				MARKETING_VERSION = 1.0;
				PRODUCT_BUNDLE_IDENTIFIER = "com.test.Back-to-the-Future";
				PRODUCT_NAME = "$(TARGET_NAME)";
				SWIFT_EMIT_LOC_STRINGS = YES;
				SWIFT_VERSION = 5.0;
				TARGETED_DEVICE_FAMILY = "1,2";
			};
			name = Release;
		};
/* End XCBuildConfiguration section */

/* Begin XCConfigurationList section */
		FBA3F4B02A093A15008EA535 /* Build configuration list for PBXProject "Back to the Future" */ = {
			isa = XCConfigurationList;
			buildConfigurations = (
				FBA3F4C72A093A17008EA535 /* Debug */,
				FBA3F4C82A093A17008EA535 /* Release */,
			);
			defaultConfigurationIsVisible = 0;
			defaultConfigurationName = Release;
		};
		FBA3F4C92A093A17008EA535 /* Build configuration list for PBXNativeTarget "Back to the Future" */ = {
			isa = XCConfigurationList;
			buildConfigurations = (
				FBA3F4CA2A093A17008EA535 /* Debug */,
				FBA3F4CB2A093A17008EA535 /* Release */,
			);
			defaultConfigurationIsVisible = 0;
			defaultConfigurationName = Release;
		};
/* End XCConfigurationList section */
	};
	rootObject = FBA3F4AD2A093A15008EA535 /* Project object */;
}
